
Microsoft Visual Studio Solution File, Format Version 12.00
# Visual Studio Version 17
VisualStudioVersion = 17.1.32421.90
MinimumVisualStudioVersion = 10.0.40219.1
Project("{9A19103F-16F7-4668-BE54-9A1E7A4F7556}") = "WebShopAsp.net(MVC)", "WebShopAsp.net(MVC)\WebShopAsp.net(MVC).csproj", "{A6CD0DA0-F384-47DB-87B3-016EF80C4F20}"
EndProject
Project("{9A19103F-16F7-4668-BE54-9A1E7A4F7556}") = "Business_logic_Layer", "Business_logic_Layer\Business_logic_Layer.csproj", "{0F6E51ED-5C7D-4AFC-923B-8F0F8C5124C3}"
EndProject
Project("{9A19103F-16F7-4668-BE54-9A1E7A4F7556}") = "Data_Access_Layer", "Data_Access_Layer\Data_Access_Layer.csproj", "{DD5E2F39-0F54-425A-81D2-2A0974BC2EC6}"
EndProject
Project("{2150E333-8FDC-42A3-9474-1A3956D46DE8}") = "Solution Items", "Solution Items", "{CB051021-51F9-484B-83CF-131A8308C4E3}"
	ProjectSection(SolutionItems) = preProject
		.editorconfig = .editorconfig
	EndProjectSection
EndProject
Project("{9A19103F-16F7-4668-BE54-9A1E7A4F7556}") = "UnitTests", "UnitTests\UnitTests.csproj", "{CEC6D9FC-21B4-4D25-B408-2312CBE72C73}"
EndProject
Global
	GlobalSection(SolutionConfigurationPlatforms) = preSolution
		Debug|Any CPU = Debug|Any CPU
		Release|Any CPU = Release|Any CPU
	EndGlobalSection
	GlobalSection(ProjectConfigurationPlatforms) = postSolution
		{A6CD0DA0-F384-47DB-87B3-016EF80C4F20}.Debug|Any CPU.ActiveCfg = Debug|Any CPU
		{A6CD0DA0-F384-47DB-87B3-016EF80C4F20}.Debug|Any CPU.Build.0 = Debug|Any CPU
		{A6CD0DA0-F384-47DB-87B3-016EF80C4F20}.Release|Any CPU.ActiveCfg = Release|Any CPU
		{A6CD0DA0-F384-47DB-87B3-016EF80C4F20}.Release|Any CPU.Build.0 = Release|Any CPU
		{0F6E51ED-5C7D-4AFC-923B-8F0F8C5124C3}.Debug|Any CPU.ActiveCfg = Debug|Any CPU
		{0F6E51ED-5C7D-4AFC-923B-8F0F8C5124C3}.Debug|Any CPU.Build.0 = Debug|Any CPU
		{0F6E51ED-5C7D-4AFC-923B-8F0F8C5124C3}.Release|Any CPU.ActiveCfg = Release|Any CPU
		{0F6E51ED-5C7D-4AFC-923B-8F0F8C5124C3}.Release|Any CPU.Build.0 = Release|Any CPU
		{DD5E2F39-0F54-425A-81D2-2A0974BC2EC6}.Debug|Any CPU.ActiveCfg = Debug|Any CPU
		{DD5E2F39-0F54-425A-81D2-2A0974BC2EC6}.Debug|Any CPU.Build.0 = Debug|Any CPU
		{DD5E2F39-0F54-425A-81D2-2A0974BC2EC6}.Release|Any CPU.ActiveCfg = Release|Any CPU
		{DD5E2F39-0F54-425A-81D2-2A0974BC2EC6}.Release|Any CPU.Build.0 = Release|Any CPU
		{CEC6D9FC-21B4-4D25-B408-2312CBE72C73}.Debug|Any CPU.ActiveCfg = Debug|Any CPU
		{CEC6D9FC-21B4-4D25-B408-2312CBE72C73}.Debug|Any CPU.Build.0 = Debug|Any CPU
		{CEC6D9FC-21B4-4D25-B408-2312CBE72C73}.Release|Any CPU.ActiveCfg = Release|Any CPU
		{CEC6D9FC-21B4-4D25-B408-2312CBE72C73}.Release|Any CPU.Build.0 = Release|Any CPU
	EndGlobalSection
	GlobalSection(SolutionProperties) = preSolution
		HideSolutionNode = FALSE
	EndGlobalSection
	GlobalSection(ExtensibilityGlobals) = postSolution
		SolutionGuid = {375A44C3-13D8-4522-A5F3-6D20191CEF94}
	EndGlobalSection
EndGlobal
